{
  "version": 4,
  "terraform_version": "1.11.4",
  "serial": 8,
  "lineage": "e5bbb6ec-96eb-5d13-929d-a616518f9470",
  "outputs": {
    "instance_id": {
      "value": "i-0c48e47907e1c870e",
      "type": "string"
    }
  },
  "resources": [
    {
      "mode": "managed",
      "type": "aws_instance",
      "name": "t2-micro_ec2_instance",
      "provider": "provider[\"registry.terraform.io/hashicorp/aws\"]",
      "instances": [
        {
          "schema_version": 1,
          "attributes": {
            "ami": "ami-03250b0e01c28d196",
            "arn": "arn:aws:ec2:eu-central-1:489581310913:instance/i-0c48e47907e1c870e",
            "associate_public_ip_address": true,
            "availability_zone": "eu-central-1b",
            "capacity_reservation_specification": [
              {
                "capacity_reservation_preference": "open",
                "capacity_reservation_target": []
              }
            ],
            "cpu_core_count": 1,
            "cpu_options": [
              {
                "amd_sev_snp": "",
                "core_count": 1,
                "threads_per_core": 1
              }
            ],
            "cpu_threads_per_core": 1,
            "credit_specification": [
              {
                "cpu_credits": "standard"
              }
            ],
            "disable_api_stop": false,
            "disable_api_termination": false,
            "ebs_block_device": [],
            "ebs_optimized": false,
            "enable_primary_ipv6": null,
            "enclave_options": [
              {
                "enabled": false
              }
            ],
            "ephemeral_block_device": [],
            "get_password_data": false,
            "hibernation": false,
            "host_id": "",
            "host_resource_group_arn": null,
            "iam_instance_profile": "",
            "id": "i-0c48e47907e1c870e",
            "instance_initiated_shutdown_behavior": "stop",
            "instance_lifecycle": "",
            "instance_market_options": [],
            "instance_state": "running",
            "instance_type": "t2.micro",
            "ipv6_address_count": 0,
            "ipv6_addresses": [],
            "key_name": "",
            "launch_template": [],
            "maintenance_options": [
              {
                "auto_recovery": "default"
              }
            ],
            "metadata_options": [
              {
                "http_endpoint": "enabled",
                "http_protocol_ipv6": "disabled",
                "http_put_response_hop_limit": 2,
                "http_tokens": "required",
                "instance_metadata_tags": "disabled"
              }
            ],
            "monitoring": false,
            "network_interface": [],
            "outpost_arn": "",
            "password_data": "",
            "placement_group": "",
            "placement_partition_number": 0,
            "primary_network_interface_id": "eni-00770ed437dda968d",
            "private_dns": "ip-172-31-35-186.eu-central-1.compute.internal",
            "private_dns_name_options": [
              {
                "enable_resource_name_dns_a_record": false,
                "enable_resource_name_dns_aaaa_record": false,
                "hostname_type": "ip-name"
              }
            ],
            "private_ip": "172.31.35.186",
            "public_dns": "ec2-3-75-202-134.eu-central-1.compute.amazonaws.com",
            "public_ip": "3.75.202.134",
            "root_block_device": [
              {
                "delete_on_termination": true,
                "device_name": "/dev/sda1",
                "encrypted": false,
                "iops": 3000,
                "kms_key_id": "",
                "tags": {},
                "tags_all": {},
                "throughput": 125,
                "volume_id": "vol-0036f304b6af86a7b",
                "volume_size": 8,
                "volume_type": "gp3"
              }
            ],
            "secondary_private_ips": [],
            "security_groups": [
              "flask-enduser-secgroup"
            ],
            "source_dest_check": true,
            "spot_instance_request_id": "",
            "subnet_id": "subnet-0345a2771e925f5c0",
            "tags": {
              "name": "flask_app_instance"
            },
            "tags_all": {
              "name": "flask_app_instance"
            },
            "tenancy": "default",
            "timeouts": null,
            "user_data": null,
            "user_data_base64": null,
            "user_data_replace_on_change": false,
            "volume_tags": null,
            "vpc_security_group_ids": [
              "sg-0347e5a99ca035406"
            ]
          },
          "sensitive_attributes": [],
          "private": "eyJlMmJmYjczMC1lY2FhLTExZTYtOGY4OC0zNDM2M2JjN2M0YzAiOnsiY3JlYXRlIjo2MDAwMDAwMDAwMDAsImRlbGV0ZSI6MTIwMDAwMDAwMDAwMCwicmVhZCI6OTAwMDAwMDAwMDAwLCJ1cGRhdGUiOjYwMDAwMDAwMDAwMH0sInNjaGVtYV92ZXJzaW9uIjoiMSJ9",
          "dependencies": [
            "aws_security_group.flask_enduser_secgroup"
          ]
        }
      ]
    },
    {
      "mode": "managed",
      "type": "aws_key_pair",
      "name": "devops-key",
      "provider": "provider[\"registry.terraform.io/hashicorp/aws\"]",
      "instances": [
        {
          "schema_version": 1,
          "attributes": {
            "arn": "arn:aws:ec2:eu-central-1:489581310913:key-pair/devops-key",
            "fingerprint": "32:c9:f1:5b:64:36:fe:82:0e:ba:0c:7a:9e:fe:e1:eb",
            "id": "devops-key",
            "key_name": "devops-key",
            "key_name_prefix": "",
            "key_pair_id": "key-0ae3cdece4d318d7c",
            "key_type": "rsa",
            "public_key": "ssh-rsa AAAAB3NzaC1yc2EAAAADAQABAAACAQC7Zxk8iZWJKKmBXYqZ0FAPtA5HSOLAGfKcgC9U8qpqoyYRF+HcN99hAtoVq3wp1EKqBhCXawkQh5q0sFiahx1fACH4N75nKYUR76DjXZkQb1c+l54XPoQSlNiseudQFHYFj9xbBRyqHcZMjrmvGbM/Eo5qnxmdhgHDyuQh8XH5nrIPO33ivJ88YoV2jqruLmx5I6T6EeXO86Vn6VjwEeVQXZ3ICfU7l0tNQ6XLGvU4tajPKUin3gNj5vMoncLLDhCL9pFbAyTQoNUEBOQ7buPhxnPfgnvIT5n09fLKfADdHPtyZ5PGe1VvvBKI2dMvtU6F91CaT7H7ZCVgm2vguUfhl/Xrk7rKfR8EH1pN9kXRRYN2XdqKFNW9h4IPwOlDtv4OuXYjR0rPGxxt3vX65ZTdlmmzJoGprLA5BGPko2jZRXVTYe3vr302LsYkinQZDzNz9T+CMMaqswbHfLynmkRAmnMIJaXiAA+cSqUFKoKJbKhyuJikggJoXIKpj3qIUiCDPajIs5XwshfeUopWd7GWsiF3D6qIiEQYekE+PdECKYUPD4BINhz6eEnmkBR5ee8Vc6ZnwL7Hr4XleAzSf9WEVv1DO3G1udUlwnp22sjgECtqWJjte+i1MtAiQ1ilFBjwOunCmEh66XoUQM16et6JVzDIZ3fr+3v6KWLynoq/Pw== coati@coati",
            "tags": null,
            "tags_all": {}
          },
          "sensitive_attributes": [],
          "private": "eyJzY2hlbWFfdmVyc2lvbiI6IjEifQ=="
        }
      ]
    },
    {
      "mode": "managed",
      "type": "aws_security_group",
      "name": "flask_enduser_secgroup",
      "provider": "provider[\"registry.terraform.io/hashicorp/aws\"]",
      "instances": [
        {
          "schema_version": 1,
          "attributes": {
            "arn": "arn:aws:ec2:eu-central-1:489581310913:security-group/sg-0347e5a99ca035406",
            "description": "security groups for the Flask app",
            "egress": [
              {
                "cidr_blocks": [
                  "0.0.0.0/0"
                ],
                "description": "",
                "from_port": 0,
                "ipv6_cidr_blocks": [],
                "prefix_list_ids": [],
                "protocol": "-1",
                "security_groups": [],
                "self": false,
                "to_port": 0
              }
            ],
            "id": "sg-0347e5a99ca035406",
            "ingress": [
              {
                "cidr_blocks": [
                  "0.0.0.0/0"
                ],
                "description": "",
                "from_port": 22,
                "ipv6_cidr_blocks": [],
                "prefix_list_ids": [],
                "protocol": "tcp",
                "security_groups": [],
                "self": false,
                "to_port": 22
              },
              {
                "cidr_blocks": [
                  "0.0.0.0/0"
                ],
                "description": "",
                "from_port": 5000,
                "ipv6_cidr_blocks": [],
                "prefix_list_ids": [],
                "protocol": "tcp",
                "security_groups": [],
                "self": false,
                "to_port": 5000
              }
            ],
            "name": "flask-enduser-secgroup",
            "name_prefix": "",
            "owner_id": "489581310913",
            "revoke_rules_on_delete": false,
            "tags": {},
            "tags_all": {},
            "timeouts": null,
            "vpc_id": "vpc-095d94075927a05ea"
          },
          "sensitive_attributes": [],
          "private": "eyJlMmJmYjczMC1lY2FhLTExZTYtOGY4OC0zNDM2M2JjN2M0YzAiOnsiY3JlYXRlIjo2MDAwMDAwMDAwMDAsImRlbGV0ZSI6OTAwMDAwMDAwMDAwfSwic2NoZW1hX3ZlcnNpb24iOiIxIn0="
        }
      ]
    }
  ],
  "check_results": null
}
